// !$*UTF8*$!
{
	archiveVersion = 1;
	classes = {
	};
	objectVersion = 50;
	objects = {

/* Begin PBXBuildFile section */
		1705241521F799DB0075A5C8 /* AppDelegate.m in Sources */ = {isa = PBXBuildFile; fileRef = 1705241421F799DB0075A5C8 /* AppDelegate.m */; };
		1705241821F799DB0075A5C8 /* ViewController.m in Sources */ = {isa = PBXBuildFile; fileRef = 1705241721F799DB0075A5C8 /* ViewController.m */; };
		1705241B21F799DB0075A5C8 /* Main.storyboard in Resources */ = {isa = PBXBuildFile; fileRef = 1705241921F799DB0075A5C8 /* Main.storyboard */; };
		1705241D21F799DB0075A5C8 /* Assets.xcassets in Resources */ = {isa = PBXBuildFile; fileRef = 1705241C21F799DB0075A5C8 /* Assets.xcassets */; };
		1705242021F799DB0075A5C8 /* LaunchScreen.storyboard in Resources */ = {isa = PBXBuildFile; fileRef = 1705241E21F799DB0075A5C8 /* LaunchScreen.storyboard */; };
		1705242321F799DB0075A5C8 /* main.m in Sources */ = {isa = PBXBuildFile; fileRef = 1705242221F799DB0075A5C8 /* main.m */; };
		1705242D21F799DB0075A5C8 /* Every_Do_TableViewTests.m in Sources */ = {isa = PBXBuildFile; fileRef = 1705242C21F799DB0075A5C8 /* Every_Do_TableViewTests.m */; };
		1705243821F799DB0075A5C8 /* Every_Do_TableViewUITests.m in Sources */ = {isa = PBXBuildFile; fileRef = 1705243721F799DB0075A5C8 /* Every_Do_TableViewUITests.m */; };
/* End PBXBuildFile section */

/* Begin PBXContainerItemProxy section */
		1705242921F799DB0075A5C8 /* PBXContainerItemProxy */ = {
			isa = PBXContainerItemProxy;
			containerPortal = 1705240821F799DB0075A5C8 /* Project object */;
			proxyType = 1;
			remoteGlobalIDString = 1705240F21F799DB0075A5C8;
			remoteInfo = "Every.Do-TableView";
		};
		1705243421F799DB0075A5C8 /* PBXContainerItemProxy */ = {
			isa = PBXContainerItemProxy;
			containerPortal = 1705240821F799DB0075A5C8 /* Project object */;
			proxyType = 1;
			remoteGlobalIDString = 1705240F21F799DB0075A5C8;
			remoteInfo = "Every.Do-TableView";
		};
/* End PBXContainerItemProxy section */

/* Begin PBXFileReference section */
		1705241021F799DB0075A5C8 /* Every.Do-TableView.app */ = {isa = PBXFileReference; explicitFileType = wrapper.application; includeInIndex = 0; path = "Every.Do-TableView.app"; sourceTree = BUILT_PRODUCTS_DIR; };
		1705241321F799DB0075A5C8 /* AppDelegate.h */ = {isa = PBXFileReference; lastKnownFileType = sourcecode.c.h; path = AppDelegate.h; sourceTree = "<group>"; };
		1705241421F799DB0075A5C8 /* AppDelegate.m */ = {isa = PBXFileReference; lastKnownFileType = sourcecode.c.objc; path = AppDelegate.m; sourceTree = "<group>"; };
		1705241621F799DB0075A5C8 /* ViewController.h */ = {isa = PBXFileReference; lastKnownFileType = sourcecode.c.h; path = ViewController.h; sourceTree = "<group>"; };
		1705241721F799DB0075A5C8 /* ViewController.m */ = {isa = PBXFileReference; lastKnownFileType = sourcecode.c.objc; path = ViewController.m; sourceTree = "<group>"; };
		1705241A21F799DB0075A5C8 /* Base */ = {isa = PBXFileReference; lastKnownFileType = file.storyboard; name = Base; path = Base.lproj/Main.storyboard; sourceTree = "<group>"; };
		1705241C21F799DB0075A5C8 /* Assets.xcassets */ = {isa = PBXFileReference; lastKnownFileType = folder.assetcatalog; path = Assets.xcassets; sourceTree = "<group>"; };
		1705241F21F799DB0075A5C8 /* Base */ = {isa = PBXFileReference; lastKnownFileType = file.storyboard; name = Base; path = Base.lproj/LaunchScreen.storyboard; sourceTree = "<group>"; };
		1705242121F799DB0075A5C8 /* Info.plist */ = {isa = PBXFileReference; lastKnownFileType = text.plist.xml; path = Info.plist; sourceTree = "<group>"; };
		1705242221F799DB0075A5C8 /* main.m */ = {isa = PBXFileReference; lastKnownFileType = sourcecode.c.objc; path = main.m; sourceTree = "<group>"; };
		1705242821F799DB0075A5C8 /* Every.Do-TableViewTests.xctest */ = {isa = PBXFileReference; explicitFileType = wrapper.cfbundle; includeInIndex = 0; path = "Every.Do-TableViewTests.xctest"; sourceTree = BUILT_PRODUCTS_DIR; };
		1705242C21F799DB0075A5C8 /* Every_Do_TableViewTests.m */ = {isa = PBXFileReference; lastKnownFileType = sourcecode.c.objc; path = Every_Do_TableViewTests.m; sourceTree = "<group>"; };
		1705242E21F799DB0075A5C8 /* Info.plist */ = {isa = PBXFileReference; lastKnownFileType = text.plist.xml; path = Info.plist; sourceTree = "<group>"; };
		1705243321F799DB0075A5C8 /* Every.Do-TableViewUITests.xctest */ = {isa = PBXFileReference; explicitFileType = wrapper.cfbundle; includeInIndex = 0; path = "Every.Do-TableViewUITests.xctest"; sourceTree = BUILT_PRODUCTS_DIR; };
		1705243721F799DB0075A5C8 /* Every_Do_TableViewUITests.m */ = {isa = PBXFileReference; lastKnownFileType = sourcecode.c.objc; path = Every_Do_TableViewUITests.m; sourceTree = "<group>"; };
		1705243921F799DB0075A5C8 /* Info.plist */ = {isa = PBXFileReference; lastKnownFileType = text.plist.xml; path = Info.plist; sourceTree = "<group>"; };
/* End PBXFileReference section */

/* Begin PBXFrameworksBuildPhase section */
		1705240D21F799DB0075A5C8 /* Frameworks */ = {
			isa = PBXFrameworksBuildPhase;
			buildActionMask = 2147483647;
			files = (
			);
			runOnlyForDeploymentPostprocessing = 0;
		};
		1705242521F799DB0075A5C8 /* Frameworks */ = {
			isa = PBXFrameworksBuildPhase;
			buildActionMask = 2147483647;
			files = (
			);
			runOnlyForDeploymentPostprocessing = 0;
		};
		1705243021F799DB0075A5C8 /* Frameworks */ = {
			isa = PBXFrameworksBuildPhase;
			buildActionMask = 2147483647;
			files = (
			);
			runOnlyForDeploymentPostprocessing = 0;
		};
/* End PBXFrameworksBuildPhase section */

/* Begin PBXGroup section */
		1705240721F799DB0075A5C8 = {
			isa = PBXGroup;
			children = (
				1705241221F799DB0075A5C8 /* Every.Do-TableView */,
				1705242B21F799DB0075A5C8 /* Every.Do-TableViewTests */,
				1705243621F799DB0075A5C8 /* Every.Do-TableViewUITests */,
				1705241121F799DB0075A5C8 /* Products */,
			);
			sourceTree = "<group>";
		};
		1705241121F799DB0075A5C8 /* Products */ = {
			isa = PBXGroup;
			children = (
				1705241021F799DB0075A5C8 /* Every.Do-TableView.app */,
				1705242821F799DB0075A5C8 /* Every.Do-TableViewTests.xctest */,
				1705243321F799DB0075A5C8 /* Every.Do-TableViewUITests.xctest */,
			);
			name = Products;
			sourceTree = "<group>";
		};
		1705241221F799DB0075A5C8 /* Every.Do-TableView */ = {
			isa = PBXGroup;
			children = (
				1705241321F799DB0075A5C8 /* AppDelegate.h */,
				1705241421F799DB0075A5C8 /* AppDelegate.m */,
				1705241621F799DB0075A5C8 /* ViewController.h */,
				1705241721F799DB0075A5C8 /* ViewController.m */,
				1705241921F799DB0075A5C8 /* Main.storyboard */,
				1705241C21F799DB0075A5C8 /* Assets.xcassets */,
				1705241E21F799DB0075A5C8 /* LaunchScreen.storyboard */,
				1705242121F799DB0075A5C8 /* Info.plist */,
				1705242221F799DB0075A5C8 /* main.m */,
			);
			path = "Every.Do-TableView";
			sourceTree = "<group>";
		};
		1705242B21F799DB0075A5C8 /* Every.Do-TableViewTests */ = {
			isa = PBXGroup;
			children = (
				1705242C21F799DB0075A5C8 /* Every_Do_TableViewTests.m */,
				1705242E21F799DB0075A5C8 /* Info.plist */,
			);
			path = "Every.Do-TableViewTests";
			sourceTree = "<group>";
		};
		1705243621F799DB0075A5C8 /* Every.Do-TableViewUITests */ = {
			isa = PBXGroup;
			children = (
				1705243721F799DB0075A5C8 /* Every_Do_TableViewUITests.m */,
				1705243921F799DB0075A5C8 /* Info.plist */,
			);
			path = "Every.Do-TableViewUITests";
			sourceTree = "<group>";
		};
/* End PBXGroup section */

/* Begin PBXNativeTarget section */
		1705240F21F799DB0075A5C8 /* Every.Do-TableView */ = {
			isa = PBXNativeTarget;
			buildConfigurationList = 1705243C21F799DB0075A5C8 /* Build configuration list for PBXNativeTarget "Every.Do-TableView" */;
			buildPhases = (
				1705240C21F799DB0075A5C8 /* Sources */,
				1705240D21F799DB0075A5C8 /* Frameworks */,
				1705240E21F799DB0075A5C8 /* Resources */,
			);
			buildRules = (
			);
			dependencies = (
			);
			name = "Every.Do-TableView";
			productName = "Every.Do-TableView";
			productReference = 1705241021F799DB0075A5C8 /* Every.Do-TableView.app */;
			productType = "com.apple.product-type.application";
		};
		1705242721F799DB0075A5C8 /* Every.Do-TableViewTests */ = {
			isa = PBXNativeTarget;
			buildConfigurationList = 1705243F21F799DB0075A5C8 /* Build configuration list for PBXNativeTarget "Every.Do-TableViewTests" */;
			buildPhases = (
				1705242421F799DB0075A5C8 /* Sources */,
				1705242521F799DB0075A5C8 /* Frameworks */,
				1705242621F799DB0075A5C8 /* Resources */,
			);
			buildRules = (
			);
			dependencies = (
				1705242A21F799DB0075A5C8 /* PBXTargetDependency */,
			);
			name = "Every.Do-TableViewTests";
			productName = "Every.Do-TableViewTests";
			productReference = 1705242821F799DB0075A5C8 /* Every.Do-TableViewTests.xctest */;
			productType = "com.apple.product-type.bundle.unit-test";
		};
		1705243221F799DB0075A5C8 /* Every.Do-TableViewUITests */ = {
			isa = PBXNativeTarget;
			buildConfigurationList = 1705244221F799DB0075A5C8 /* Build configuration list for PBXNativeTarget "Every.Do-TableViewUITests" */;
			buildPhases = (
				1705242F21F799DB0075A5C8 /* Sources */,
				1705243021F799DB0075A5C8 /* Frameworks */,
				1705243121F799DB0075A5C8 /* Resources */,
			);
			buildRules = (
			);
			dependencies = (
				1705243521F799DB0075A5C8 /* PBXTargetDependency */,
			);
			name = "Every.Do-TableViewUITests";
			productName = "Every.Do-TableViewUITests";
			productReference = 1705243321F799DB0075A5C8 /* Every.Do-TableViewUITests.xctest */;
			productType = "com.apple.product-type.bundle.ui-testing";
		};
/* End PBXNativeTarget section */

/* Begin PBXProject section */
		1705240821F799DB0075A5C8 /* Project object */ = {
			isa = PBXProject;
			attributes = {
				LastUpgradeCheck = 1010;
				ORGANIZATIONNAME = "Matthew Chan";
				TargetAttributes = {
					1705240F21F799DB0075A5C8 = {
						CreatedOnToolsVersion = 10.1;
					};
					1705242721F799DB0075A5C8 = {
						CreatedOnToolsVersion = 10.1;
						TestTargetID = 1705240F21F799DB0075A5C8;
					};
					1705243221F799DB0075A5C8 = {
						CreatedOnToolsVersion = 10.1;
						TestTargetID = 1705240F21F799DB0075A5C8;
					};
				};
			};
			buildConfigurationList = 1705240B21F799DB0075A5C8 /* Build configuration list for PBXProject "Every.Do-TableView" */;
			compatibilityVersion = "Xcode 9.3";
			developmentRegion = en;
			hasScannedForEncodings = 0;
			knownRegions = (
				en,
				Base,
			);
			mainGroup = 1705240721F799DB0075A5C8;
			productRefGroup = 1705241121F799DB0075A5C8 /* Products */;
			projectDirPath = "";
			projectRoot = "";
			targets = (
				1705240F21F799DB0075A5C8 /* Every.Do-TableView */,
				1705242721F799DB0075A5C8 /* Every.Do-TableViewTests */,
				1705243221F799DB0075A5C8 /* Every.Do-TableViewUITests */,
			);
		};
/* End PBXProject section */

/* Begin PBXResourcesBuildPhase section */
		1705240E21F799DB0075A5C8 /* Resources */ = {
			isa = PBXResourcesBuildPhase;
			buildActionMask = 2147483647;
			files = (
				1705242021F799DB0075A5C8 /* LaunchScreen.storyboard in Resources */,
				1705241D21F799DB0075A5C8 /* Assets.xcassets in Resources */,
				1705241B21F799DB0075A5C8 /* Main.storyboard in Resources */,
			);
			runOnlyForDeploymentPostprocessing = 0;
		};
		1705242621F799DB0075A5C8 /* Resources */ = {
			isa = PBXResourcesBuildPhase;
			buildActionMask = 2147483647;
			files = (
			);
			runOnlyForDeploymentPostprocessing = 0;
		};
		1705243121F799DB0075A5C8 /* Resources */ = {
			isa = PBXResourcesBuildPhase;
			buildActionMask = 2147483647;
			files = (
			);
			runOnlyForDeploymentPostprocessing = 0;
		};
/* End PBXResourcesBuildPhase section */

/* Begin PBXSourcesBuildPhase section */
		1705240C21F799DB0075A5C8 /* Sources */ = {
			isa = PBXSourcesBuildPhase;
			buildActionMask = 2147483647;
			files = (
				1705241821F799DB0075A5C8 /* ViewController.m in Sources */,
				1705242321F799DB0075A5C8 /* main.m in Sources */,
				1705241521F799DB0075A5C8 /* AppDelegate.m in Sources */,
			);
			runOnlyForDeploymentPostprocessing = 0;
		};
		1705242421F799DB0075A5C8 /* Sources */ = {
			isa = PBXSourcesBuildPhase;
			buildActionMask = 2147483647;
			files = (
				1705242D21F799DB0075A5C8 /* Every_Do_TableViewTests.m in Sources */,
			);
			runOnlyForDeploymentPostprocessing = 0;
		};
		1705242F21F799DB0075A5C8 /* Sources */ = {
			isa = PBXSourcesBuildPhase;
			buildActionMask = 2147483647;
			files = (
				1705243821F799DB0075A5C8 /* Every_Do_TableViewUITests.m in Sources */,
			);
			runOnlyForDeploymentPostprocessing = 0;
		};
/* End PBXSourcesBuildPhase section */

/* Begin PBXTargetDependency section */
		1705242A21F799DB0075A5C8 /* PBXTargetDependency */ = {
			isa = PBXTargetDependency;
			target = 1705240F21F799DB0075A5C8 /* Every.Do-TableView */;
			targetProxy = 1705242921F799DB0075A5C8 /* PBXContainerItemProxy */;
		};
		1705243521F799DB0075A5C8 /* PBXTargetDependency */ = {
			isa = PBXTargetDependency;
			target = 1705240F21F799DB0075A5C8 /* Every.Do-TableView */;
			targetProxy = 1705243421F799DB0075A5C8 /* PBXContainerItemProxy */;
		};
/* End PBXTargetDependency section */

/* Begin PBXVariantGroup section */
		1705241921F799DB0075A5C8 /* Main.storyboard */ = {
			isa = PBXVariantGroup;
			children = (
				1705241A21F799DB0075A5C8 /* Base */,
			);
			name = Main.storyboard;
			sourceTree = "<group>";
		};
		1705241E21F799DB0075A5C8 /* LaunchScreen.storyboard */ = {
			isa = PBXVariantGroup;
			children = (
				1705241F21F799DB0075A5C8 /* Base */,
			);
			name = LaunchScreen.storyboard;
			sourceTree = "<group>";
		};
/* End PBXVariantGroup section */

/* Begin XCBuildConfiguration section */
		1705243A21F799DB0075A5C8 /* Debug */ = {
			isa = XCBuildConfiguration;
			buildSettings = {
				ALWAYS_SEARCH_USER_PATHS = NO;
				CLANG_ANALYZER_NONNULL = YES;
				CLANG_ANALYZER_NUMBER_OBJECT_CONVERSION = YES_AGGRESSIVE;
				CLANG_CXX_LANGUAGE_STANDARD = "gnu++14";
				CLANG_CXX_LIBRARY = "libc++";
				CLANG_ENABLE_MODULES = YES;
				CLANG_ENABLE_OBJC_ARC = YES;
				CLANG_ENABLE_OBJC_WEAK = YES;
				CLANG_WARN_BLOCK_CAPTURE_AUTORELEASING = YES;
				CLANG_WARN_BOOL_CONVERSION = YES;
				CLANG_WARN_COMMA = YES;
				CLANG_WARN_CONSTANT_CONVERSION = YES;
				CLANG_WARN_DEPRECATED_OBJC_IMPLEMENTATIONS = YES;
				CLANG_WARN_DIRECT_OBJC_ISA_USAGE = YES_ERROR;
				CLANG_WARN_DOCUMENTATION_COMMENTS = YES;
				CLANG_WARN_EMPTY_BODY = YES;
				CLANG_WARN_ENUM_CONVERSION = YES;
				CLANG_WARN_INFINITE_RECURSION = YES;
				CLANG_WARN_INT_CONVERSION = YES;
				CLANG_WARN_NON_LITERAL_NULL_CONVERSION = YES;
				CLANG_WARN_OBJC_IMPLICIT_RETAIN_SELF = YES;
				CLANG_WARN_OBJC_LITERAL_CONVERSION = YES;
				CLANG_WARN_OBJC_ROOT_CLASS = YES_ERROR;
				CLANG_WARN_RANGE_LOOP_ANALYSIS = YES;
				CLANG_WARN_STRICT_PROTOTYPES = YES;
				CLANG_WARN_SUSPICIOUS_MOVE = YES;
				CLANG_WARN_UNGUARDED_AVAILABILITY = YES_AGGRESSIVE;
				CLANG_WARN_UNREACHABLE_CODE = YES;
				CLANG_WARN__DUPLICATE_METHOD_MATCH = YES;
				CODE_SIGN_IDENTITY = "iPhone Developer";
				COPY_PHASE_STRIP = NO;
				DEBUG_INFORMATION_FORMAT = dwarf;
				ENABLE_STRICT_OBJC_MSGSEND = YES;
				ENABLE_TESTABILITY = YES;
				GCC_C_LANGUAGE_STANDARD = gnu11;
				GCC_DYNAMIC_NO_PIC = NO;
				GCC_NO_COMMON_BLOCKS = YES;
				GCC_OPTIMIZATION_LEVEL = 0;
				GCC_PREPROCESSOR_DEFINITIONS = (
					"DEBUG=1",
					"$(inherited)",
				);
				GCC_WARN_64_TO_32_BIT_CONVERSION = YES;
				GCC_WARN_ABOUT_RETURN_TYPE = YES_ERROR;
				GCC_WARN_UNDECLARED_SELECTOR = YES;
				GCC_WARN_UNINITIALIZED_AUTOS = YES_AGGRESSIVE;
				GCC_WARN_UNUSED_FUNCTION = YES;
				GCC_WARN_UNUSED_VARIABLE = YES;
				IPHONEOS_DEPLOYMENT_TARGET = 12.1;
				MTL_ENABLE_DEBUG_INFO = INCLUDE_SOURCE;
				MTL_FAST_MATH = YES;
				ONLY_ACTIVE_ARCH = YES;
				SDKROOT = iphoneos;
			};
			name = Debug;
		};
		1705243B21F799DB0075A5C8 /* Release */ = {
			isa = XCBuildConfiguration;
			buildSettings = {
				ALWAYS_SEARCH_USER_PATHS = NO;
				CLANG_ANALYZER_NONNULL = YES;
				CLANG_ANALYZER_NUMBER_OBJECT_CONVERSION = YES_AGGRESSIVE;
				CLANG_CXX_LANGUAGE_STANDARD = "gnu++14";
				CLANG_CXX_LIBRARY = "libc++";
				CLANG_ENABLE_MODULES = YES;
				CLANG_ENABLE_OBJC_ARC = YES;
				CLANG_ENABLE_OBJC_WEAK = YES;
				CLANG_WARN_BLOCK_CAPTURE_AUTORELEASING = YES;
				CLANG_WARN_BOOL_CONVERSION = YES;
				CLANG_WARN_COMMA = YES;
				CLANG_WARN_CONSTANT_CONVERSION = YES;
				CLANG_WARN_DEPRECATED_OBJC_IMPLEMENTATIONS = YES;
				CLANG_WARN_DIRECT_OBJC_ISA_USAGE = YES_ERROR;
				CLANG_WARN_DOCUMENTATION_COMMENTS = YES;
				CLANG_WARN_EMPTY_BODY = YES;
				CLANG_WARN_ENUM_CONVERSION = YES;
				CLANG_WARN_INFINITE_RECURSION = YES;
				CLANG_WARN_INT_CONVERSION = YES;
				CLANG_WARN_NON_LITERAL_NULL_CONVERSION = YES;
				CLANG_WARN_OBJC_IMPLICIT_RETAIN_SELF = YES;
				CLANG_WARN_OBJC_LITERAL_CONVERSION = YES;
				CLANG_WARN_OBJC_ROOT_CLASS = YES_ERROR;
				CLANG_WARN_RANGE_LOOP_ANALYSIS = YES;
				CLANG_WARN_STRICT_PROTOTYPES = YES;
				CLANG_WARN_SUSPICIOUS_MOVE = YES;
				CLANG_WARN_UNGUARDED_AVAILABILITY = YES_AGGRESSIVE;
				CLANG_WARN_UNREACHABLE_CODE = YES;
				CLANG_WARN__DUPLICATE_METHOD_MATCH = YES;
				CODE_SIGN_IDENTITY = "iPhone Developer";
				COPY_PHASE_STRIP = NO;
				DEBUG_INFORMATION_FORMAT = "dwarf-with-dsym";
				ENABLE_NS_ASSERTIONS = NO;
				ENABLE_STRICT_OBJC_MSGSEND = YES;
				GCC_C_LANGUAGE_STANDARD = gnu11;
				GCC_NO_COMMON_BLOCKS = YES;
				GCC_WARN_64_TO_32_BIT_CONVERSION = YES;
				GCC_WARN_ABOUT_RETURN_TYPE = YES_ERROR;
				GCC_WARN_UNDECLARED_SELECTOR = YES;
				GCC_WARN_UNINITIALIZED_AUTOS = YES_AGGRESSIVE;
				GCC_WARN_UNUSED_FUNCTION = YES;
				GCC_WARN_UNUSED_VARIABLE = YES;
				IPHONEOS_DEPLOYMENT_TARGET = 12.1;
				MTL_ENABLE_DEBUG_INFO = NO;
				MTL_FAST_MATH = YES;
				SDKROOT = iphoneos;
				VALIDATE_PRODUCT = YES;
			};
			name = Release;
		};
		1705243D21F799DB0075A5C8 /* Debug */ = {
			isa = XCBuildConfiguration;
			buildSettings = {
				ASSETCATALOG_COMPILER_APPICON_NAME = AppIcon;
				CODE_SIGN_STYLE = Automatic;
				DEVELOPMENT_TEAM = X3GKR9NFG3;
				INFOPLIST_FILE = "Every.Do-TableView/Info.plist";
				LD_RUNPATH_SEARCH_PATHS = (
					"$(inherited)",
					"@executable_path/Frameworks",
				);
				PRODUCT_BUNDLE_IDENTIFIER = "Matthew.Every-Do-TableView";
				PRODUCT_NAME = "$(TARGET_NAME)";
				TARGETED_DEVICE_FAMILY = "1,2";
			};
			name = Debug;
		};
		1705243E21F799DB0075A5C8 /* Release */ = {
			isa = XCBuildConfiguration;
			buildSettings = {
				ASSETCATALOG_COMPILER_APPICON_NAME = AppIcon;
				CODE_SIGN_STYLE = Automatic;
				DEVELOPMENT_TEAM = X3GKR9NFG3;
				INFOPLIST_FILE = "Every.Do-TableView/Info.plist";
				LD_RUNPATH_SEARCH_PATHS = (
					"$(inherited)",
					"@executable_path/Frameworks",
				);
				PRODUCT_BUNDLE_IDENTIFIER = "Matthew.Every-Do-TableView";
				PRODUCT_NAME = "$(TARGET_NAME)";
				TARGETED_DEVICE_FAMILY = "1,2";
			};
			name = Release;
		};
		1705244021F799DB0075A5C8 /* Debug */ = {
			isa = XCBuildConfiguration;
			buildSettings = {
				BUNDLE_LOADER = "$(TEST_HOST)";
				CODE_SIGN_STYLE = Automatic;
				DEVELOPMENT_TEAM = X3GKR9NFG3;
				INFOPLIST_FILE = "Every.Do-TableViewTests/Info.plist";
				LD_RUNPATH_SEARCH_PATHS = (
					"$(inherited)",
					"@executable_path/Frameworks",
					"@loader_path/Frameworks",
				);
				PRODUCT_BUNDLE_IDENTIFIER = "Matthew.Every-Do-TableViewTests";
				PRODUCT_NAME = "$(TARGET_NAME)";
				TARGETED_DEVICE_FAMILY = "1,2";
				TEST_HOST = "$(BUILT_PRODUCTS_DIR)/Every.Do-TableView.app/Every.Do-TableView";
			};
			name = Debug;
		};
		1705244121F799DB0075A5C8 /* Release */ = {
			isa = XCBuildConfiguration;
			buildSettings = {
				BUNDLE_LOADER = "$(TEST_HOST)";
				CODE_SIGN_STYLE = Automatic;
				DEVELOPMENT_TEAM = X3GKR9NFG3;
				INFOPLIST_FILE = "Every.Do-TableViewTests/Info.plist";
				LD_RUNPATH_SEARCH_PATHS = (
					"$(inherited)",
					"@executable_path/Frameworks",
					"@loader_path/Frameworks",
				);
				PRODUCT_BUNDLE_IDENTIFIER = "Matthew.Every-Do-TableViewTests";
				PRODUCT_NAME = "$(TARGET_NAME)";
				TARGETED_DEVICE_FAMILY = "1,2";
				TEST_HOST = "$(BUILT_PRODUCTS_DIR)/Every.Do-TableView.app/Every.Do-TableView";
			};
			name = Release;
		};
		1705244321F799DB0075A5C8 /* Debug */ = {
			isa = XCBuildConfiguration;
			buildSettings = {
				CODE_SIGN_STYLE = Automatic;
				DEVELOPMENT_TEAM = X3GKR9NFG3;
				INFOPLIST_FILE = "Every.Do-TableViewUITests/Info.plist";
				LD_RUNPATH_SEARCH_PATHS = (
					"$(inherited)",
					"@executable_path/Frameworks",
					"@loader_path/Frameworks",
				);
				PRODUCT_BUNDLE_IDENTIFIER = "Matthew.Every-Do-TableViewUITests";
				PRODUCT_NAME = "$(TARGET_NAME)";
				TARGETED_DEVICE_FAMILY = "1,2";
				TEST_TARGET_NAME = "Every.Do-TableView";
			};
			name = Debug;
		};
		1705244421F799DB0075A5C8 /* Release */ = {
			isa = XCBuildConfiguration;
			buildSettings = {
				CODE_SIGN_STYLE = Automatic;
				DEVELOPMENT_TEAM = X3GKR9NFG3;
				INFOPLIST_FILE = "Every.Do-TableViewUITests/Info.plist";
				LD_RUNPATH_SEARCH_PATHS = (
					"$(inherited)",
					"@executable_path/Frameworks",
					"@loader_path/Frameworks",
				);
				PRODUCT_BUNDLE_IDENTIFIER = "Matthew.Every-Do-TableViewUITests";
				PRODUCT_NAME = "$(TARGET_NAME)";
				TARGETED_DEVICE_FAMILY = "1,2";
				TEST_TARGET_NAME = "Every.Do-TableView";
			};
			name = Release;
		};
/* End XCBuildConfiguration section */

/* Begin XCConfigurationList section */
		1705240B21F799DB0075A5C8 /* Build configuration list for PBXProject "Every.Do-TableView" */ = {
			isa = XCConfigurationList;
			buildConfigurations = (
				1705243A21F799DB0075A5C8 /* Debug */,
				1705243B21F799DB0075A5C8 /* Release */,
			);
			defaultConfigurationIsVisible = 0;
			defaultConfigurationName = Release;
		};
		1705243C21F799DB0075A5C8 /* Build configuration list for PBXNativeTarget "Every.Do-TableView" */ = {
			isa = XCConfigurationList;
			buildConfigurations = (
				1705243D21F799DB0075A5C8 /* Debug */,
				1705243E21F799DB0075A5C8 /* Release */,
			);
			defaultConfigurationIsVisible = 0;
			defaultConfigurationName = Release;
		};
		1705243F21F799DB0075A5C8 /* Build configuration list for PBXNativeTarget "Every.Do-TableViewTests" */ = {
			isa = XCConfigurationList;
			buildConfigurations = (
				1705244021F799DB0075A5C8 /* Debug */,
				1705244121F799DB0075A5C8 /* Release */,
			);
			defaultConfigurationIsVisible = 0;
			defaultConfigurationName = Release;
		};
		1705244221F799DB0075A5C8 /* Build configuration list for PBXNativeTarget "Every.Do-TableViewUITests" */ = {
			isa = XCConfigurationList;
			buildConfigurations = (
				1705244321F799DB0075A5C8 /* Debug */,
				1705244421F799DB0075A5C8 /* Release */,
			);
			defaultConfigurationIsVisible = 0;
			defaultConfigurationName = Release;
		};
/* End XCConfigurationList section */
	};
	rootObject = 1705240821F799DB0075A5C8 /* Project object */;
}
